{
  "name": "ajs-nodejs-dz",
  "version": "1.0.0",
  "lockfileVersion": 3,
  "requires": true,
  "packages": {
    "": {
      "name": "ajs-nodejs-dz",
      "version": "1.0.0",
      "license": "ISC",
      "dependencies": {
        "@sashkasam/ajs": "^1.0.0"
      }
    },
    "node_modules/@sashkasam/ajs": {
      "version": "1.0.0",
      "resolved": "https://npm.pkg.github.com/download/@sashkasam/ajs/1.0.0/72416e3aaa2015fe935f930ddf6428062b044d41",
      "integrity": "sha512-y7IhAmT05N9OAN+uAxR/0orqHDlFeT3z0VbOhC7ZVlwIBs0Mgqsjpq0goUySLDPWq7R1tfUDpru0DIA7jMRMcg=="
    }
  }
}
